
Microsoft Visual Studio Solution File, Format Version 12.00
# Visual Studio Version 17
VisualStudioVersion = 17.3.32819.101
MinimumVisualStudioVersion = 10.0.40219.1
Project("{FAE04EC0-301F-11D3-BF4B-00C04F79EFBC}") = "NKatmanliMimari", "NKatmanliMimari\NKatmanliMimari.csproj", "{ECEC1EDB-BC3C-4CB3-B889-F8E3C71AA8DD}"
EndProject
Project("{FAE04EC0-301F-11D3-BF4B-00C04F79EFBC}") = "EntityLayer", "EntityLayer\EntityLayer.csproj", "{45FEA81E-B5BC-43EC-BFA7-A0DDE065D5F6}"
EndProject
Project("{FAE04EC0-301F-11D3-BF4B-00C04F79EFBC}") = "DataAccessLayer", "DataAccessLayer\DataAccessLayer.csproj", "{D265072B-20C6-4830-BB0A-68C86653BC2D}"
EndProject
Project("{FAE04EC0-301F-11D3-BF4B-00C04F79EFBC}") = "LogicLayer", "LogicLayer\LogicLayer.csproj", "{7F987918-005C-4203-B8FF-3723CF90741D}"
EndProject
Global
	GlobalSection(SolutionConfigurationPlatforms) = preSolution
		Debug|Any CPU = Debug|Any CPU
		Release|Any CPU = Release|Any CPU
	EndGlobalSection
	GlobalSection(ProjectConfigurationPlatforms) = postSolution
		{ECEC1EDB-BC3C-4CB3-B889-F8E3C71AA8DD}.Debug|Any CPU.ActiveCfg = Debug|Any CPU
		{ECEC1EDB-BC3C-4CB3-B889-F8E3C71AA8DD}.Debug|Any CPU.Build.0 = Debug|Any CPU
		{ECEC1EDB-BC3C-4CB3-B889-F8E3C71AA8DD}.Release|Any CPU.ActiveCfg = Release|Any CPU
		{ECEC1EDB-BC3C-4CB3-B889-F8E3C71AA8DD}.Release|Any CPU.Build.0 = Release|Any CPU
		{45FEA81E-B5BC-43EC-BFA7-A0DDE065D5F6}.Debug|Any CPU.ActiveCfg = Debug|Any CPU
		{45FEA81E-B5BC-43EC-BFA7-A0DDE065D5F6}.Debug|Any CPU.Build.0 = Debug|Any CPU
		{45FEA81E-B5BC-43EC-BFA7-A0DDE065D5F6}.Release|Any CPU.ActiveCfg = Release|Any CPU
		{45FEA81E-B5BC-43EC-BFA7-A0DDE065D5F6}.Release|Any CPU.Build.0 = Release|Any CPU
		{D265072B-20C6-4830-BB0A-68C86653BC2D}.Debug|Any CPU.ActiveCfg = Debug|Any CPU
		{D265072B-20C6-4830-BB0A-68C86653BC2D}.Debug|Any CPU.Build.0 = Debug|Any CPU
		{D265072B-20C6-4830-BB0A-68C86653BC2D}.Release|Any CPU.ActiveCfg = Release|Any CPU
		{D265072B-20C6-4830-BB0A-68C86653BC2D}.Release|Any CPU.Build.0 = Release|Any CPU
		{7F987918-005C-4203-B8FF-3723CF90741D}.Debug|Any CPU.ActiveCfg = Debug|Any CPU
		{7F987918-005C-4203-B8FF-3723CF90741D}.Debug|Any CPU.Build.0 = Debug|Any CPU
		{7F987918-005C-4203-B8FF-3723CF90741D}.Release|Any CPU.ActiveCfg = Release|Any CPU
		{7F987918-005C-4203-B8FF-3723CF90741D}.Release|Any CPU.Build.0 = Release|Any CPU
	EndGlobalSection
	GlobalSection(SolutionProperties) = preSolution
		HideSolutionNode = FALSE
	EndGlobalSection
	GlobalSection(ExtensibilityGlobals) = postSolution
		SolutionGuid = {984A4D1F-244C-48BF-A812-7EEEC09D8310}
	EndGlobalSection
EndGlobal
